
Microsoft Visual Studio Solution File, Format Version 12.00
# Visual Studio Version 17
VisualStudioVersion = 17.5.33502.453
MinimumVisualStudioVersion = 10.0.40219.1
Project("{6EC3EE1D-3C4E-46DD-8F32-0CC8E7565705}") = "TransactionQL.Parser", "TransactionQL.Parser\TransactionQL.Parser.fsproj", "{5E741343-6C90-480E-BA15-D7267A9482D4}"
EndProject
Project("{6EC3EE1D-3C4E-46DD-8F32-0CC8E7565705}") = "TransactionQL.Parser.Tests", "TransactionQL.Parser.Tests\TransactionQL.Parser.Tests.fsproj", "{67D7EF7D-6D2E-4B04-9860-C3D7A7A3F970}"
EndProject
Project("{2150E333-8FDC-42A3-9474-1A3956D46DE8}") = "Solution Items", "Solution Items", "{722E35DF-E970-48AF-A7BA-5CF86EAF9670}"
	ProjectSection(SolutionItems) = preProject
		.editorconfig = .editorconfig
		azure-pipelines.yml = azure-pipelines.yml
		publish.bat = publish.bat
		publish.sh = publish.sh
		readme.md = readme.md
		tql.vim = tql.vim
	EndProjectSection
EndProject
Project("{6EC3EE1D-3C4E-46DD-8F32-0CC8E7565705}") = "TransactionQL.Input", "TransactionQL.Input\TransactionQL.Input.fsproj", "{89E761CA-7D31-48BE-8B4D-1AC3A268A358}"
EndProject
Project("{6EC3EE1D-3C4E-46DD-8F32-0CC8E7565705}") = "TransactionQL.Console", "TransactionQL.Console\TransactionQL.Console.fsproj", "{4A1E69DA-C6CC-48B8-88F3-B62B2AE34485}"
EndProject
Project("{6EC3EE1D-3C4E-46DD-8F32-0CC8E7565705}") = "TransactionQL.Console.Tests", "TransactionQL.Console.Tests\TransactionQL.Console.Tests.fsproj", "{F43A5F1B-1EB4-45B7-9C79-92F3DD31EEE1}"
EndProject
Project("{2150E333-8FDC-42A3-9474-1A3956D46DE8}") = "Plugins", "Plugins", "{B645AC52-7FA5-47ED-8162-E39B705813C6}"
EndProject
Project("{6EC3EE1D-3C4E-46DD-8F32-0CC8E7565705}") = "TransactionQL.Plugins.Bunq", "TransactionQL.Plugins.Bunq\TransactionQL.Plugins.Bunq.fsproj", "{EA0A782C-D5BF-4DA6-9710-25FDE5123B79}"
EndProject
Project("{6EC3EE1D-3C4E-46DD-8F32-0CC8E7565705}") = "TransactionQL.Plugins.ING", "TransactionQL.Plugins.ING\TransactionQL.Plugins.ING.fsproj", "{32027311-05E4-465B-9F5A-F5C59768B99A}"
EndProject
Project("{6EC3EE1D-3C4E-46DD-8F32-0CC8E7565705}") = "TransactionQL.Plugins.ASN", "TransactionQL.Plugins.ASN\TransactionQL.Plugins.ASN.fsproj", "{F6F92978-83BF-4DB9-B513-2B8ABD22AC5F}"
EndProject
Project("{FAE04EC0-301F-11D3-BF4B-00C04F79EFBC}") = "TransactionQL.DesktopApp", "TransactionQL.DesktopApp\TransactionQL.DesktopApp.csproj", "{54E23E7B-6F20-4A52-BACA-C2941ADC631F}"
EndProject
Global
	GlobalSection(SolutionConfigurationPlatforms) = preSolution
		Debug|Any CPU = Debug|Any CPU
		Release|Any CPU = Release|Any CPU
	EndGlobalSection
	GlobalSection(ProjectConfigurationPlatforms) = postSolution
		{5E741343-6C90-480E-BA15-D7267A9482D4}.Debug|Any CPU.ActiveCfg = Debug|Any CPU
		{5E741343-6C90-480E-BA15-D7267A9482D4}.Debug|Any CPU.Build.0 = Debug|Any CPU
		{5E741343-6C90-480E-BA15-D7267A9482D4}.Release|Any CPU.ActiveCfg = Release|Any CPU
		{5E741343-6C90-480E-BA15-D7267A9482D4}.Release|Any CPU.Build.0 = Release|Any CPU
		{67D7EF7D-6D2E-4B04-9860-C3D7A7A3F970}.Debug|Any CPU.ActiveCfg = Debug|Any CPU
		{67D7EF7D-6D2E-4B04-9860-C3D7A7A3F970}.Debug|Any CPU.Build.0 = Debug|Any CPU
		{67D7EF7D-6D2E-4B04-9860-C3D7A7A3F970}.Release|Any CPU.ActiveCfg = Release|Any CPU
		{67D7EF7D-6D2E-4B04-9860-C3D7A7A3F970}.Release|Any CPU.Build.0 = Release|Any CPU
		{89E761CA-7D31-48BE-8B4D-1AC3A268A358}.Debug|Any CPU.ActiveCfg = Debug|Any CPU
		{89E761CA-7D31-48BE-8B4D-1AC3A268A358}.Debug|Any CPU.Build.0 = Debug|Any CPU
		{89E761CA-7D31-48BE-8B4D-1AC3A268A358}.Release|Any CPU.ActiveCfg = Release|Any CPU
		{89E761CA-7D31-48BE-8B4D-1AC3A268A358}.Release|Any CPU.Build.0 = Release|Any CPU
		{4A1E69DA-C6CC-48B8-88F3-B62B2AE34485}.Debug|Any CPU.ActiveCfg = Debug|Any CPU
		{4A1E69DA-C6CC-48B8-88F3-B62B2AE34485}.Debug|Any CPU.Build.0 = Debug|Any CPU
		{4A1E69DA-C6CC-48B8-88F3-B62B2AE34485}.Release|Any CPU.ActiveCfg = Release|Any CPU
		{4A1E69DA-C6CC-48B8-88F3-B62B2AE34485}.Release|Any CPU.Build.0 = Release|Any CPU
		{F43A5F1B-1EB4-45B7-9C79-92F3DD31EEE1}.Debug|Any CPU.ActiveCfg = Debug|Any CPU
		{F43A5F1B-1EB4-45B7-9C79-92F3DD31EEE1}.Debug|Any CPU.Build.0 = Debug|Any CPU
		{F43A5F1B-1EB4-45B7-9C79-92F3DD31EEE1}.Release|Any CPU.ActiveCfg = Release|Any CPU
		{F43A5F1B-1EB4-45B7-9C79-92F3DD31EEE1}.Release|Any CPU.Build.0 = Release|Any CPU
		{EA0A782C-D5BF-4DA6-9710-25FDE5123B79}.Debug|Any CPU.ActiveCfg = Debug|Any CPU
		{EA0A782C-D5BF-4DA6-9710-25FDE5123B79}.Debug|Any CPU.Build.0 = Debug|Any CPU
		{EA0A782C-D5BF-4DA6-9710-25FDE5123B79}.Release|Any CPU.ActiveCfg = Release|Any CPU
		{EA0A782C-D5BF-4DA6-9710-25FDE5123B79}.Release|Any CPU.Build.0 = Release|Any CPU
		{32027311-05E4-465B-9F5A-F5C59768B99A}.Debug|Any CPU.ActiveCfg = Debug|Any CPU
		{32027311-05E4-465B-9F5A-F5C59768B99A}.Debug|Any CPU.Build.0 = Debug|Any CPU
		{32027311-05E4-465B-9F5A-F5C59768B99A}.Release|Any CPU.ActiveCfg = Release|Any CPU
		{32027311-05E4-465B-9F5A-F5C59768B99A}.Release|Any CPU.Build.0 = Release|Any CPU
		{F6F92978-83BF-4DB9-B513-2B8ABD22AC5F}.Debug|Any CPU.ActiveCfg = Debug|Any CPU
		{F6F92978-83BF-4DB9-B513-2B8ABD22AC5F}.Debug|Any CPU.Build.0 = Debug|Any CPU
		{F6F92978-83BF-4DB9-B513-2B8ABD22AC5F}.Release|Any CPU.ActiveCfg = Release|Any CPU
		{F6F92978-83BF-4DB9-B513-2B8ABD22AC5F}.Release|Any CPU.Build.0 = Release|Any CPU
		{54E23E7B-6F20-4A52-BACA-C2941ADC631F}.Debug|Any CPU.ActiveCfg = Debug|Any CPU
		{54E23E7B-6F20-4A52-BACA-C2941ADC631F}.Debug|Any CPU.Build.0 = Debug|Any CPU
		{54E23E7B-6F20-4A52-BACA-C2941ADC631F}.Release|Any CPU.ActiveCfg = Release|Any CPU
		{54E23E7B-6F20-4A52-BACA-C2941ADC631F}.Release|Any CPU.Build.0 = Release|Any CPU
	EndGlobalSection
	GlobalSection(SolutionProperties) = preSolution
		HideSolutionNode = FALSE
	EndGlobalSection
	GlobalSection(NestedProjects) = preSolution
		{EA0A782C-D5BF-4DA6-9710-25FDE5123B79} = {B645AC52-7FA5-47ED-8162-E39B705813C6}
		{32027311-05E4-465B-9F5A-F5C59768B99A} = {B645AC52-7FA5-47ED-8162-E39B705813C6}
		{F6F92978-83BF-4DB9-B513-2B8ABD22AC5F} = {B645AC52-7FA5-47ED-8162-E39B705813C6}
	EndGlobalSection
	GlobalSection(ExtensibilityGlobals) = postSolution
		SolutionGuid = {55AA355A-8CC6-47CA-BEAB-C07FDEFB4BAB}
	EndGlobalSection
EndGlobal
